// !$*UTF8*$!
{
	archiveVersion = 1;
	classes = {
	};
	objectVersion = 48;
	objects = {

/* Begin PBXBuildFile section */
		01E8B5B220637EB7006C1218 /* AppDelegate.swift in Sources */ = {isa = PBXBuildFile; fileRef = 01E8B5B120637EB7006C1218 /* AppDelegate.swift */; };
		01E8B5B420637EB7006C1218 /* ViewController.swift in Sources */ = {isa = PBXBuildFile; fileRef = 01E8B5B320637EB7006C1218 /* ViewController.swift */; };
		01E8B5B720637EB7006C1218 /* Main.storyboard in Resources */ = {isa = PBXBuildFile; fileRef = 01E8B5B520637EB7006C1218 /* Main.storyboard */; };
		01E8B5B920637EB7006C1218 /* Assets.xcassets in Resources */ = {isa = PBXBuildFile; fileRef = 01E8B5B820637EB7006C1218 /* Assets.xcassets */; };
		01E8B5BC20637EB7006C1218 /* LaunchScreen.storyboard in Resources */ = {isa = PBXBuildFile; fileRef = 01E8B5BA20637EB7006C1218 /* LaunchScreen.storyboard */; };
/* End PBXBuildFile section */

/* Begin PBXFileReference section */
		01E8B5AE20637EB7006C1218 /* Random Flags.app */ = {isa = PBXFileReference; explicitFileType = wrapper.application; includeInIndex = 0; path = "Random Flags.app"; sourceTree = BUILT_PRODUCTS_DIR; };
		01E8B5B120637EB7006C1218 /* AppDelegate.swift */ = {isa = PBXFileReference; lastKnownFileType = sourcecode.swift; path = AppDelegate.swift; sourceTree = "<group>"; };
		01E8B5B320637EB7006C1218 /* ViewController.swift */ = {isa = PBXFileReference; lastKnownFileType = sourcecode.swift; path = ViewController.swift; sourceTree = "<group>"; };
		01E8B5B620637EB7006C1218 /* Base */ = {isa = PBXFileReference; lastKnownFileType = file.storyboard; name = Base; path = Base.lproj/Main.storyboard; sourceTree = "<group>"; };
		01E8B5B820637EB7006C1218 /* Assets.xcassets */ = {isa = PBXFileReference; lastKnownFileType = folder.assetcatalog; path = Assets.xcassets; sourceTree = "<group>"; };
		01E8B5BB20637EB7006C1218 /* Base */ = {isa = PBXFileReference; lastKnownFileType = file.storyboard; name = Base; path = Base.lproj/LaunchScreen.storyboard; sourceTree = "<group>"; };
		01E8B5BD20637EB7006C1218 /* Info.plist */ = {isa = PBXFileReference; lastKnownFileType = text.plist.xml; path = Info.plist; sourceTree = "<group>"; };
/* End PBXFileReference section */

/* Begin PBXFrameworksBuildPhase section */
		01E8B5AB20637EB7006C1218 /* Frameworks */ = {
			isa = PBXFrameworksBuildPhase;
			buildActionMask = 2147483647;
			files = (
			);
			runOnlyForDeploymentPostprocessing = 0;
		};
/* End PBXFrameworksBuildPhase section */

/* Begin PBXGroup section */
		01E8B5A520637EB7006C1218 = {
			isa = PBXGroup;
			children = (
				01E8B5B020637EB7006C1218 /* Random Flags */,
				01E8B5AF20637EB7006C1218 /* Products */,
			);
			sourceTree = "<group>";
		};
		01E8B5AF20637EB7006C1218 /* Products */ = {
			isa = PBXGroup;
			children = (
				01E8B5AE20637EB7006C1218 /* Random Flags.app */,
			);
			name = Products;
			sourceTree = "<group>";
		};
		01E8B5B020637EB7006C1218 /* Random Flags */ = {
			isa = PBXGroup;
			children = (
				01E8B5B120637EB7006C1218 /* AppDelegate.swift */,
				01E8B5B320637EB7006C1218 /* ViewController.swift */,
				01E8B5B520637EB7006C1218 /* Main.storyboard */,
				01E8B5B820637EB7006C1218 /* Assets.xcassets */,
				01E8B5BA20637EB7006C1218 /* LaunchScreen.storyboard */,
				01E8B5BD20637EB7006C1218 /* Info.plist */,
			);
			path = "Random Flags";
			sourceTree = "<group>";
		};
/* End PBXGroup section */

/* Begin PBXNativeTarget section */
		01E8B5AD20637EB7006C1218 /* Random Flags */ = {
			isa = PBXNativeTarget;
			buildConfigurationList = 01E8B5C020637EB7006C1218 /* Build configuration list for PBXNativeTarget "Random Flags" */;
			buildPhases = (
				01E8B5AA20637EB7006C1218 /* Sources */,
				01E8B5AB20637EB7006C1218 /* Frameworks */,
				01E8B5AC20637EB7006C1218 /* Resources */,
			);
			buildRules = (
			);
			dependencies = (
			);
			name = "Random Flags";
			productName = "Random Flags";
			productReference = 01E8B5AE20637EB7006C1218 /* Random Flags.app */;
			productType = "com.apple.product-type.application";
		};
/* End PBXNativeTarget section */

/* Begin PBXProject section */
		01E8B5A620637EB7006C1218 /* Project object */ = {
			isa = PBXProject;
			attributes = {
				LastSwiftUpdateCheck = 0920;
				LastUpgradeCheck = 0920;
				ORGANIZATIONNAME = Stoutbeard;
				TargetAttributes = {
					01E8B5AD20637EB7006C1218 = {
						CreatedOnToolsVersion = 9.2;
						ProvisioningStyle = Automatic;
					};
				};
			};
			buildConfigurationList = 01E8B5A920637EB7006C1218 /* Build configuration list for PBXProject "Random Flags" */;
			compatibilityVersion = "Xcode 8.0";
			developmentRegion = en;
			hasScannedForEncodings = 0;
			knownRegions = (
				en,
				Base,
			);
			mainGroup = 01E8B5A520637EB7006C1218;
			productRefGroup = 01E8B5AF20637EB7006C1218 /* Products */;
			projectDirPath = "";
			projectRoot = "";
			targets = (
				01E8B5AD20637EB7006C1218 /* Random Flags */,
			);
		};
/* End PBXProject section */

/* Begin PBXResourcesBuildPhase section */
		01E8B5AC20637EB7006C1218 /* Resources */ = {
			isa = PBXResourcesBuildPhase;
			buildActionMask = 2147483647;
			files = (
				01E8B5BC20637EB7006C1218 /* LaunchScreen.storyboard in Resources */,
				01E8B5B920637EB7006C1218 /* Assets.xcassets in Resources */,
				01E8B5B720637EB7006C1218 /* Main.storyboard in Resources */,
			);
			runOnlyForDeploymentPostprocessing = 0;
		};
/* End PBXResourcesBuildPhase section */

/* Begin PBXSourcesBuildPhase section */
		01E8B5AA20637EB7006C1218 /* Sources */ = {
			isa = PBXSourcesBuildPhase;
			buildActionMask = 2147483647;
			files = (
				01E8B5B420637EB7006C1218 /* ViewController.swift in Sources */,
				01E8B5B220637EB7006C1218 /* AppDelegate.swift in Sources */,
			);
			runOnlyForDeploymentPostprocessing = 0;
		};
/* End PBXSourcesBuildPhase section */

/* Begin PBXVariantGroup section */
		01E8B5B520637EB7006C1218 /* Main.storyboard */ = {
			isa = PBXVariantGroup;
			children = (
				01E8B5B620637EB7006C1218 /* Base */,
			);
			name = Main.storyboard;
			sourceTree = "<group>";
		};
		01E8B5BA20637EB7006C1218 /* LaunchScreen.storyboard */ = {
			isa = PBXVariantGroup;
			children = (
				01E8B5BB20637EB7006C1218 /* Base */,
			);
			name = LaunchScreen.storyboard;
			sourceTree = "<group>";
		};
/* End PBXVariantGroup section */

/* Begin XCBuildConfiguration section */
		01E8B5BE20637EB7006C1218 /* Debug */ = {
			isa = XCBuildConfiguration;
			buildSettings = {
				ALWAYS_SEARCH_USER_PATHS = NO;
				CLANG_ANALYZER_NONNULL = YES;
				CLANG_ANALYZER_NUMBER_OBJECT_CONVERSION = YES_AGGRESSIVE;
				CLANG_CXX_LANGUAGE_STANDARD = "gnu++14";
				CLANG_CXX_LIBRARY = "libc++";
				CLANG_ENABLE_MODULES = YES;
				CLANG_ENABLE_OBJC_ARC = YES;
				CLANG_WARN_BLOCK_CAPTURE_AUTORELEASING = YES;
				CLANG_WARN_BOOL_CONVERSION = YES;
				CLANG_WARN_COMMA = YES;
				CLANG_WARN_CONSTANT_CONVERSION = YES;
				CLANG_WARN_DIRECT_OBJC_ISA_USAGE = YES_ERROR;
				CLANG_WARN_DOCUMENTATION_COMMENTS = YES;
				CLANG_WARN_EMPTY_BODY = YES;
				CLANG_WARN_ENUM_CONVERSION = YES;
				CLANG_WARN_INFINITE_RECURSION = YES;
				CLANG_WARN_INT_CONVERSION = YES;
				CLANG_WARN_NON_LITERAL_NULL_CONVERSION = YES;
				CLANG_WARN_OBJC_LITERAL_CONVERSION = YES;
				CLANG_WARN_OBJC_ROOT_CLASS = YES_ERROR;
				CLANG_WARN_RANGE_LOOP_ANALYSIS = YES;
				CLANG_WARN_STRICT_PROTOTYPES = YES;
				CLANG_WARN_SUSPICIOUS_MOVE = YES;
				CLANG_WARN_UNGUARDED_AVAILABILITY = YES_AGGRESSIVE;
				CLANG_WARN_UNREACHABLE_CODE = YES;
				CLANG_WARN__DUPLICATE_METHOD_MATCH = YES;
				CODE_SIGN_IDENTITY = "iPhone Developer";
				COPY_PHASE_STRIP = NO;
				DEBUG_INFORMATION_FORMAT = dwarf;
				ENABLE_STRICT_OBJC_MSGSEND = YES;
				ENABLE_TESTABILITY = YES;
				GCC_C_LANGUAGE_STANDARD = gnu11;
				GCC_DYNAMIC_NO_PIC = NO;
				GCC_NO_COMMON_BLOCKS = YES;
				GCC_OPTIMIZATION_LEVEL = 0;
				GCC_PREPROCESSOR_DEFINITIONS = (
					"DEBUG=1",
					"$(inherited)",
				);
				GCC_WARN_64_TO_32_BIT_CONVERSION = YES;
				GCC_WARN_ABOUT_RETURN_TYPE = YES_ERROR;
				GCC_WARN_UNDECLARED_SELECTOR = YES;
				GCC_WARN_UNINITIALIZED_AUTOS = YES_AGGRESSIVE;
				GCC_WARN_UNUSED_FUNCTION = YES;
				GCC_WARN_UNUSED_VARIABLE = YES;
				IPHONEOS_DEPLOYMENT_TARGET = 11.2;
				MTL_ENABLE_DEBUG_INFO = YES;
				ONLY_ACTIVE_ARCH = YES;
				SDKROOT = iphoneos;
				SWIFT_ACTIVE_COMPILATION_CONDITIONS = DEBUG;
				SWIFT_OPTIMIZATION_LEVEL = "-Onone";
			};
			name = Debug;
		};
		01E8B5BF20637EB7006C1218 /* Release */ = {
			isa = XCBuildConfiguration;
			buildSettings = {
				ALWAYS_SEARCH_USER_PATHS = NO;
				CLANG_ANALYZER_NONNULL = YES;
				CLANG_ANALYZER_NUMBER_OBJECT_CONVERSION = YES_AGGRESSIVE;
				CLANG_CXX_LANGUAGE_STANDARD = "gnu++14";
				CLANG_CXX_LIBRARY = "libc++";
				CLANG_ENABLE_MODULES = YES;
				CLANG_ENABLE_OBJC_ARC = YES;
				CLANG_WARN_BLOCK_CAPTURE_AUTORELEASING = YES;
				CLANG_WARN_BOOL_CONVERSION = YES;
				CLANG_WARN_COMMA = YES;
				CLANG_WARN_CONSTANT_CONVERSION = YES;
				CLANG_WARN_DIRECT_OBJC_ISA_USAGE = YES_ERROR;
				CLANG_WARN_DOCUMENTATION_COMMENTS = YES;
				CLANG_WARN_EMPTY_BODY = YES;
				CLANG_WARN_ENUM_CONVERSION = YES;
				CLANG_WARN_INFINITE_RECURSION = YES;
				CLANG_WARN_INT_CONVERSION = YES;
				CLANG_WARN_NON_LITERAL_NULL_CONVERSION = YES;
				CLANG_WARN_OBJC_LITERAL_CONVERSION = YES;
				CLANG_WARN_OBJC_ROOT_CLASS = YES_ERROR;
				CLANG_WARN_RANGE_LOOP_ANALYSIS = YES;
				CLANG_WARN_STRICT_PROTOTYPES = YES;
				CLANG_WARN_SUSPICIOUS_MOVE = YES;
				CLANG_WARN_UNGUARDED_AVAILABILITY = YES_AGGRESSIVE;
				CLANG_WARN_UNREACHABLE_CODE = YES;
				CLANG_WARN__DUPLICATE_METHOD_MATCH = YES;
				CODE_SIGN_IDENTITY = "iPhone Developer";
				COPY_PHASE_STRIP = NO;
				DEBUG_INFORMATION_FORMAT = "dwarf-with-dsym";
				ENABLE_NS_ASSERTIONS = NO;
				ENABLE_STRICT_OBJC_MSGSEND = YES;
				GCC_C_LANGUAGE_STANDARD = gnu11;
				GCC_NO_COMMON_BLOCKS = YES;
				GCC_WARN_64_TO_32_BIT_CONVERSION = YES;
				GCC_WARN_ABOUT_RETURN_TYPE = YES_ERROR;
				GCC_WARN_UNDECLARED_SELECTOR = YES;
				GCC_WARN_UNINITIALIZED_AUTOS = YES_AGGRESSIVE;
				GCC_WARN_UNUSED_FUNCTION = YES;
				GCC_WARN_UNUSED_VARIABLE = YES;
				IPHONEOS_DEPLOYMENT_TARGET = 11.2;
				MTL_ENABLE_DEBUG_INFO = NO;
				SDKROOT = iphoneos;
				SWIFT_OPTIMIZATION_LEVEL = "-Owholemodule";
				VALIDATE_PRODUCT = YES;
			};
			name = Release;
		};
		01E8B5C120637EB7006C1218 /* Debug */ = {
			isa = XCBuildConfiguration;
			buildSettings = {
				ASSETCATALOG_COMPILER_APPICON_NAME = AppIcon;
				CODE_SIGN_STYLE = Automatic;
				DEVELOPMENT_TEAM = 587V6E5C67;
				INFOPLIST_FILE = "Random Flags/Info.plist";
				LD_RUNPATH_SEARCH_PATHS = "$(inherited) @executable_path/Frameworks";
				PRODUCT_BUNDLE_IDENTIFIER = "FitChris.Random-Flags";
				PRODUCT_NAME = "$(TARGET_NAME)";
				SWIFT_VERSION = 4.0;
				TARGETED_DEVICE_FAMILY = "1,2";
			};
			name = Debug;
		};
		01E8B5C220637EB7006C1218 /* Release */ = {
			isa = XCBuildConfiguration;
			buildSettings = {
				ASSETCATALOG_COMPILER_APPICON_NAME = AppIcon;
				CODE_SIGN_STYLE = Automatic;
				DEVELOPMENT_TEAM = 587V6E5C67;
				INFOPLIST_FILE = "Random Flags/Info.plist";
				LD_RUNPATH_SEARCH_PATHS = "$(inherited) @executable_path/Frameworks";
				PRODUCT_BUNDLE_IDENTIFIER = "FitChris.Random-Flags";
				PRODUCT_NAME = "$(TARGET_NAME)";
				SWIFT_VERSION = 4.0;
				TARGETED_DEVICE_FAMILY = "1,2";
			};
			name = Release;
		};
/* End XCBuildConfiguration section */

/* Begin XCConfigurationList section */
		01E8B5A920637EB7006C1218 /* Build configuration list for PBXProject "Random Flags" */ = {
			isa = XCConfigurationList;
			buildConfigurations = (
				01E8B5BE20637EB7006C1218 /* Debug */,
				01E8B5BF20637EB7006C1218 /* Release */,
			);
			defaultConfigurationIsVisible = 0;
			defaultConfigurationName = Release;
		};
		01E8B5C020637EB7006C1218 /* Build configuration list for PBXNativeTarget "Random Flags" */ = {
			isa = XCConfigurationList;
			buildConfigurations = (
				01E8B5C120637EB7006C1218 /* Debug */,
				01E8B5C220637EB7006C1218 /* Release */,
			);
			defaultConfigurationIsVisible = 0;
			defaultConfigurationName = Release;
		};
/* End XCConfigurationList section */
	};
	rootObject = 01E8B5A620637EB7006C1218 /* Project object */;
}
